
Microsoft Visual Studio Solution File, Format Version 12.00
# Visual Studio Version 17
VisualStudioVersion = 17.1.32120.378
MinimumVisualStudioVersion = 10.0.40219.1
Project("{9A19103F-16F7-4668-BE54-9A1E7A4F7556}") = "PMB.Wpf.Client", "PMB.Wpf.Client\PMB.Wpf.Client.csproj", "{E57A4FF2-267E-4C53-AD4E-48A1BBC6E4C6}"
EndProject
Project("{9A19103F-16F7-4668-BE54-9A1E7A4F7556}") = "PMB.Cef.Core", "PMB.Cef.Core\PMB.Cef.Core.csproj", "{18CA76CC-5976-4DFE-9232-4E29EF72CBF3}"
EndProject
Project("{9A19103F-16F7-4668-BE54-9A1E7A4F7556}") = "PMB.Pinnacle", "PMB.Pinnacle\PMB.Pinnacle.csproj", "{8883D7B3-34B6-4A0F-A769-5E32964B89BC}"
EndProject
Project("{9A19103F-16F7-4668-BE54-9A1E7A4F7556}") = "PMB.Domain", "PMB.Domain\PMB.Domain.csproj", "{0E4B52B1-33D4-402E-B75D-7907CB1BF9F3}"
EndProject
Project("{2150E333-8FDC-42A3-9474-1A3956D46DE8}") = "Browsers", "Browsers", "{9E46D77D-7DFE-4650-97B7-E51201C60135}"
EndProject
Project("{9A19103F-16F7-4668-BE54-9A1E7A4F7556}") = "PMB.Bet365", "PMB.Bet365\PMB.Bet365.csproj", "{634021D4-73AB-4DF9-BDC0-19C6015B0748}"
EndProject
Project("{9A19103F-16F7-4668-BE54-9A1E7A4F7556}") = "PMB.Browsers.Common", "PMB.Browsers.Common\PMB.Browsers.Common.csproj", "{311F32EE-792F-4892-A079-6BCF1AD02D5F}"
EndProject
Project("{9A19103F-16F7-4668-BE54-9A1E7A4F7556}") = "PMB.Browsers", "PMB.Browsers\PMB.Browsers.csproj", "{04087187-D29A-467D-AA8D-ECFA6108195F}"
EndProject
Project("{2150E333-8FDC-42A3-9474-1A3956D46DE8}") = "Core", "Core", "{CD548CFF-DAEF-4667-9703-C199A72BD426}"
EndProject
Project("{9A19103F-16F7-4668-BE54-9A1E7A4F7556}") = "PMB.Application", "PMB.Application\PMB.Application.csproj", "{1627B467-75FC-4662-BDF0-550D7AA62EB2}"
EndProject
Project("{9A19103F-16F7-4668-BE54-9A1E7A4F7556}") = "PMB.Utils", "PMB.Utils\PMB.Utils.csproj", "{50958BFB-EFF0-4A1C-9B93-2E1357E86A61}"
EndProject
Project("{9A19103F-16F7-4668-BE54-9A1E7A4F7556}") = "PMB.Fonbet", "PMB.Fonbet\PMB.Fonbet.csproj", "{F01EECBF-1935-48C8-B78B-8C9C11E0AADD}"
EndProject
Global
	GlobalSection(SolutionConfigurationPlatforms) = preSolution
		Debug|Any CPU = Debug|Any CPU
		Debug|x64 = Debug|x64
		Debug|x86 = Debug|x86
		Release|Any CPU = Release|Any CPU
		Release|x64 = Release|x64
		Release|x86 = Release|x86
	EndGlobalSection
	GlobalSection(ProjectConfigurationPlatforms) = postSolution
		{E57A4FF2-267E-4C53-AD4E-48A1BBC6E4C6}.Debug|Any CPU.ActiveCfg = Debug|Any CPU
		{E57A4FF2-267E-4C53-AD4E-48A1BBC6E4C6}.Debug|Any CPU.Build.0 = Debug|Any CPU
		{E57A4FF2-267E-4C53-AD4E-48A1BBC6E4C6}.Debug|x64.ActiveCfg = Debug|x64
		{E57A4FF2-267E-4C53-AD4E-48A1BBC6E4C6}.Debug|x64.Build.0 = Debug|x64
		{E57A4FF2-267E-4C53-AD4E-48A1BBC6E4C6}.Debug|x86.ActiveCfg = Debug|Any CPU
		{E57A4FF2-267E-4C53-AD4E-48A1BBC6E4C6}.Debug|x86.Build.0 = Debug|Any CPU
		{E57A4FF2-267E-4C53-AD4E-48A1BBC6E4C6}.Release|Any CPU.ActiveCfg = Release|Any CPU
		{E57A4FF2-267E-4C53-AD4E-48A1BBC6E4C6}.Release|Any CPU.Build.0 = Release|Any CPU
		{E57A4FF2-267E-4C53-AD4E-48A1BBC6E4C6}.Release|x64.ActiveCfg = Release|x64
		{E57A4FF2-267E-4C53-AD4E-48A1BBC6E4C6}.Release|x64.Build.0 = Release|x64
		{E57A4FF2-267E-4C53-AD4E-48A1BBC6E4C6}.Release|x86.ActiveCfg = Release|Any CPU
		{E57A4FF2-267E-4C53-AD4E-48A1BBC6E4C6}.Release|x86.Build.0 = Release|Any CPU
		{18CA76CC-5976-4DFE-9232-4E29EF72CBF3}.Debug|Any CPU.ActiveCfg = Debug|Any CPU
		{18CA76CC-5976-4DFE-9232-4E29EF72CBF3}.Debug|Any CPU.Build.0 = Debug|Any CPU
		{18CA76CC-5976-4DFE-9232-4E29EF72CBF3}.Debug|x64.ActiveCfg = Debug|x64
		{18CA76CC-5976-4DFE-9232-4E29EF72CBF3}.Debug|x64.Build.0 = Debug|x64
		{18CA76CC-5976-4DFE-9232-4E29EF72CBF3}.Debug|x86.ActiveCfg = Debug|Any CPU
		{18CA76CC-5976-4DFE-9232-4E29EF72CBF3}.Debug|x86.Build.0 = Debug|Any CPU
		{18CA76CC-5976-4DFE-9232-4E29EF72CBF3}.Release|Any CPU.ActiveCfg = Release|Any CPU
		{18CA76CC-5976-4DFE-9232-4E29EF72CBF3}.Release|Any CPU.Build.0 = Release|Any CPU
		{18CA76CC-5976-4DFE-9232-4E29EF72CBF3}.Release|x64.ActiveCfg = Release|x64
		{18CA76CC-5976-4DFE-9232-4E29EF72CBF3}.Release|x64.Build.0 = Release|x64
		{18CA76CC-5976-4DFE-9232-4E29EF72CBF3}.Release|x86.ActiveCfg = Release|Any CPU
		{18CA76CC-5976-4DFE-9232-4E29EF72CBF3}.Release|x86.Build.0 = Release|Any CPU
		{8883D7B3-34B6-4A0F-A769-5E32964B89BC}.Debug|Any CPU.ActiveCfg = Debug|Any CPU
		{8883D7B3-34B6-4A0F-A769-5E32964B89BC}.Debug|Any CPU.Build.0 = Debug|Any CPU
		{8883D7B3-34B6-4A0F-A769-5E32964B89BC}.Debug|x64.ActiveCfg = Debug|x64
		{8883D7B3-34B6-4A0F-A769-5E32964B89BC}.Debug|x64.Build.0 = Debug|x64
		{8883D7B3-34B6-4A0F-A769-5E32964B89BC}.Debug|x86.ActiveCfg = Debug|Any CPU
		{8883D7B3-34B6-4A0F-A769-5E32964B89BC}.Debug|x86.Build.0 = Debug|Any CPU
		{8883D7B3-34B6-4A0F-A769-5E32964B89BC}.Release|Any CPU.ActiveCfg = Release|Any CPU
		{8883D7B3-34B6-4A0F-A769-5E32964B89BC}.Release|Any CPU.Build.0 = Release|Any CPU
		{8883D7B3-34B6-4A0F-A769-5E32964B89BC}.Release|x64.ActiveCfg = Release|x64
		{8883D7B3-34B6-4A0F-A769-5E32964B89BC}.Release|x64.Build.0 = Release|x64
		{8883D7B3-34B6-4A0F-A769-5E32964B89BC}.Release|x86.ActiveCfg = Release|Any CPU
		{8883D7B3-34B6-4A0F-A769-5E32964B89BC}.Release|x86.Build.0 = Release|Any CPU
		{0E4B52B1-33D4-402E-B75D-7907CB1BF9F3}.Debug|Any CPU.ActiveCfg = Debug|Any CPU
		{0E4B52B1-33D4-402E-B75D-7907CB1BF9F3}.Debug|Any CPU.Build.0 = Debug|Any CPU
		{0E4B52B1-33D4-402E-B75D-7907CB1BF9F3}.Debug|x64.ActiveCfg = Debug|x64
		{0E4B52B1-33D4-402E-B75D-7907CB1BF9F3}.Debug|x64.Build.0 = Debug|x64
		{0E4B52B1-33D4-402E-B75D-7907CB1BF9F3}.Debug|x86.ActiveCfg = Debug|Any CPU
		{0E4B52B1-33D4-402E-B75D-7907CB1BF9F3}.Debug|x86.Build.0 = Debug|Any CPU
		{0E4B52B1-33D4-402E-B75D-7907CB1BF9F3}.Release|Any CPU.ActiveCfg = Release|Any CPU
		{0E4B52B1-33D4-402E-B75D-7907CB1BF9F3}.Release|Any CPU.Build.0 = Release|Any CPU
		{0E4B52B1-33D4-402E-B75D-7907CB1BF9F3}.Release|x64.ActiveCfg = Release|x64
		{0E4B52B1-33D4-402E-B75D-7907CB1BF9F3}.Release|x64.Build.0 = Release|x64
		{0E4B52B1-33D4-402E-B75D-7907CB1BF9F3}.Release|x86.ActiveCfg = Release|Any CPU
		{0E4B52B1-33D4-402E-B75D-7907CB1BF9F3}.Release|x86.Build.0 = Release|Any CPU
		{634021D4-73AB-4DF9-BDC0-19C6015B0748}.Debug|Any CPU.ActiveCfg = Debug|Any CPU
		{634021D4-73AB-4DF9-BDC0-19C6015B0748}.Debug|Any CPU.Build.0 = Debug|Any CPU
		{634021D4-73AB-4DF9-BDC0-19C6015B0748}.Debug|x64.ActiveCfg = Debug|x64
		{634021D4-73AB-4DF9-BDC0-19C6015B0748}.Debug|x64.Build.0 = Debug|x64
		{634021D4-73AB-4DF9-BDC0-19C6015B0748}.Debug|x86.ActiveCfg = Debug|Any CPU
		{634021D4-73AB-4DF9-BDC0-19C6015B0748}.Debug|x86.Build.0 = Debug|Any CPU
		{634021D4-73AB-4DF9-BDC0-19C6015B0748}.Release|Any CPU.ActiveCfg = Release|Any CPU
		{634021D4-73AB-4DF9-BDC0-19C6015B0748}.Release|Any CPU.Build.0 = Release|Any CPU
		{634021D4-73AB-4DF9-BDC0-19C6015B0748}.Release|x64.ActiveCfg = Release|x64
		{634021D4-73AB-4DF9-BDC0-19C6015B0748}.Release|x64.Build.0 = Release|x64
		{634021D4-73AB-4DF9-BDC0-19C6015B0748}.Release|x86.ActiveCfg = Release|Any CPU
		{634021D4-73AB-4DF9-BDC0-19C6015B0748}.Release|x86.Build.0 = Release|Any CPU
		{311F32EE-792F-4892-A079-6BCF1AD02D5F}.Debug|Any CPU.ActiveCfg = Debug|Any CPU
		{311F32EE-792F-4892-A079-6BCF1AD02D5F}.Debug|Any CPU.Build.0 = Debug|Any CPU
		{311F32EE-792F-4892-A079-6BCF1AD02D5F}.Debug|x64.ActiveCfg = Debug|x64
		{311F32EE-792F-4892-A079-6BCF1AD02D5F}.Debug|x64.Build.0 = Debug|x64
		{311F32EE-792F-4892-A079-6BCF1AD02D5F}.Debug|x86.ActiveCfg = Debug|Any CPU
		{311F32EE-792F-4892-A079-6BCF1AD02D5F}.Debug|x86.Build.0 = Debug|Any CPU
		{311F32EE-792F-4892-A079-6BCF1AD02D5F}.Release|Any CPU.ActiveCfg = Release|Any CPU
		{311F32EE-792F-4892-A079-6BCF1AD02D5F}.Release|Any CPU.Build.0 = Release|Any CPU
		{311F32EE-792F-4892-A079-6BCF1AD02D5F}.Release|x64.ActiveCfg = Release|x64
		{311F32EE-792F-4892-A079-6BCF1AD02D5F}.Release|x64.Build.0 = Release|x64
		{311F32EE-792F-4892-A079-6BCF1AD02D5F}.Release|x86.ActiveCfg = Release|Any CPU
		{311F32EE-792F-4892-A079-6BCF1AD02D5F}.Release|x86.Build.0 = Release|Any CPU
		{04087187-D29A-467D-AA8D-ECFA6108195F}.Debug|Any CPU.ActiveCfg = Debug|Any CPU
		{04087187-D29A-467D-AA8D-ECFA6108195F}.Debug|Any CPU.Build.0 = Debug|Any CPU
		{04087187-D29A-467D-AA8D-ECFA6108195F}.Debug|x64.ActiveCfg = Debug|x64
		{04087187-D29A-467D-AA8D-ECFA6108195F}.Debug|x64.Build.0 = Debug|x64
		{04087187-D29A-467D-AA8D-ECFA6108195F}.Debug|x86.ActiveCfg = Debug|Any CPU
		{04087187-D29A-467D-AA8D-ECFA6108195F}.Debug|x86.Build.0 = Debug|Any CPU
		{04087187-D29A-467D-AA8D-ECFA6108195F}.Release|Any CPU.ActiveCfg = Release|Any CPU
		{04087187-D29A-467D-AA8D-ECFA6108195F}.Release|Any CPU.Build.0 = Release|Any CPU
		{04087187-D29A-467D-AA8D-ECFA6108195F}.Release|x64.ActiveCfg = Release|x64
		{04087187-D29A-467D-AA8D-ECFA6108195F}.Release|x64.Build.0 = Release|x64
		{04087187-D29A-467D-AA8D-ECFA6108195F}.Release|x86.ActiveCfg = Release|Any CPU
		{04087187-D29A-467D-AA8D-ECFA6108195F}.Release|x86.Build.0 = Release|Any CPU
		{1627B467-75FC-4662-BDF0-550D7AA62EB2}.Debug|Any CPU.ActiveCfg = Debug|Any CPU
		{1627B467-75FC-4662-BDF0-550D7AA62EB2}.Debug|Any CPU.Build.0 = Debug|Any CPU
		{1627B467-75FC-4662-BDF0-550D7AA62EB2}.Debug|x64.ActiveCfg = Debug|x64
		{1627B467-75FC-4662-BDF0-550D7AA62EB2}.Debug|x64.Build.0 = Debug|x64
		{1627B467-75FC-4662-BDF0-550D7AA62EB2}.Debug|x86.ActiveCfg = Debug|Any CPU
		{1627B467-75FC-4662-BDF0-550D7AA62EB2}.Debug|x86.Build.0 = Debug|Any CPU
		{1627B467-75FC-4662-BDF0-550D7AA62EB2}.Release|Any CPU.ActiveCfg = Release|Any CPU
		{1627B467-75FC-4662-BDF0-550D7AA62EB2}.Release|Any CPU.Build.0 = Release|Any CPU
		{1627B467-75FC-4662-BDF0-550D7AA62EB2}.Release|x64.ActiveCfg = Release|x64
		{1627B467-75FC-4662-BDF0-550D7AA62EB2}.Release|x64.Build.0 = Release|x64
		{1627B467-75FC-4662-BDF0-550D7AA62EB2}.Release|x86.ActiveCfg = Release|Any CPU
		{1627B467-75FC-4662-BDF0-550D7AA62EB2}.Release|x86.Build.0 = Release|Any CPU
		{50958BFB-EFF0-4A1C-9B93-2E1357E86A61}.Debug|Any CPU.ActiveCfg = Debug|Any CPU
		{50958BFB-EFF0-4A1C-9B93-2E1357E86A61}.Debug|Any CPU.Build.0 = Debug|Any CPU
		{50958BFB-EFF0-4A1C-9B93-2E1357E86A61}.Debug|x64.ActiveCfg = Debug|x64
		{50958BFB-EFF0-4A1C-9B93-2E1357E86A61}.Debug|x64.Build.0 = Debug|x64
		{50958BFB-EFF0-4A1C-9B93-2E1357E86A61}.Debug|x86.ActiveCfg = Debug|Any CPU
		{50958BFB-EFF0-4A1C-9B93-2E1357E86A61}.Debug|x86.Build.0 = Debug|Any CPU
		{50958BFB-EFF0-4A1C-9B93-2E1357E86A61}.Release|Any CPU.ActiveCfg = Release|Any CPU
		{50958BFB-EFF0-4A1C-9B93-2E1357E86A61}.Release|Any CPU.Build.0 = Release|Any CPU
		{50958BFB-EFF0-4A1C-9B93-2E1357E86A61}.Release|x64.ActiveCfg = Release|x64
		{50958BFB-EFF0-4A1C-9B93-2E1357E86A61}.Release|x64.Build.0 = Release|x64
		{50958BFB-EFF0-4A1C-9B93-2E1357E86A61}.Release|x86.ActiveCfg = Release|Any CPU
		{50958BFB-EFF0-4A1C-9B93-2E1357E86A61}.Release|x86.Build.0 = Release|Any CPU
		{F01EECBF-1935-48C8-B78B-8C9C11E0AADD}.Debug|Any CPU.ActiveCfg = Debug|Any CPU
		{F01EECBF-1935-48C8-B78B-8C9C11E0AADD}.Debug|Any CPU.Build.0 = Debug|Any CPU
		{F01EECBF-1935-48C8-B78B-8C9C11E0AADD}.Debug|x64.ActiveCfg = Debug|x64
		{F01EECBF-1935-48C8-B78B-8C9C11E0AADD}.Debug|x64.Build.0 = Debug|x64
		{F01EECBF-1935-48C8-B78B-8C9C11E0AADD}.Debug|x86.ActiveCfg = Debug|Any CPU
		{F01EECBF-1935-48C8-B78B-8C9C11E0AADD}.Debug|x86.Build.0 = Debug|Any CPU
		{F01EECBF-1935-48C8-B78B-8C9C11E0AADD}.Release|Any CPU.ActiveCfg = Release|Any CPU
		{F01EECBF-1935-48C8-B78B-8C9C11E0AADD}.Release|Any CPU.Build.0 = Release|Any CPU
		{F01EECBF-1935-48C8-B78B-8C9C11E0AADD}.Release|x64.ActiveCfg = Release|x64
		{F01EECBF-1935-48C8-B78B-8C9C11E0AADD}.Release|x64.Build.0 = Release|x64
		{F01EECBF-1935-48C8-B78B-8C9C11E0AADD}.Release|x86.ActiveCfg = Release|Any CPU
		{F01EECBF-1935-48C8-B78B-8C9C11E0AADD}.Release|x86.Build.0 = Release|Any CPU
	EndGlobalSection
	GlobalSection(SolutionProperties) = preSolution
		HideSolutionNode = FALSE
	EndGlobalSection
	GlobalSection(NestedProjects) = preSolution
		{18CA76CC-5976-4DFE-9232-4E29EF72CBF3} = {CD548CFF-DAEF-4667-9703-C199A72BD426}
		{8883D7B3-34B6-4A0F-A769-5E32964B89BC} = {9E46D77D-7DFE-4650-97B7-E51201C60135}
		{634021D4-73AB-4DF9-BDC0-19C6015B0748} = {9E46D77D-7DFE-4650-97B7-E51201C60135}
		{311F32EE-792F-4892-A079-6BCF1AD02D5F} = {CD548CFF-DAEF-4667-9703-C199A72BD426}
		{04087187-D29A-467D-AA8D-ECFA6108195F} = {9E46D77D-7DFE-4650-97B7-E51201C60135}
		{CD548CFF-DAEF-4667-9703-C199A72BD426} = {9E46D77D-7DFE-4650-97B7-E51201C60135}
		{F01EECBF-1935-48C8-B78B-8C9C11E0AADD} = {9E46D77D-7DFE-4650-97B7-E51201C60135}
	EndGlobalSection
	GlobalSection(ExtensibilityGlobals) = postSolution
		SolutionGuid = {357BEAF9-1B7E-4C65-9E37-CFB81F00C6AD}
	EndGlobalSection
EndGlobal
